
Microsoft Visual Studio Solution File, Format Version 12.00
# Visual Studio 14
VisualStudioVersion = 14.0.25420.1
MinimumVisualStudioVersion = 10.0.40219.1
Project("{FAE04EC0-301F-11D3-BF4B-00C04F79EFBC}") = "APIBIBLIOTECA", "APIBIBLIOTECA\APIBIBLIOTECA.csproj", "{D2005F57-B325-4EC7-8127-A51C9DBB840F}"
EndProject
Project("{FAE04EC0-301F-11D3-BF4B-00C04F79EFBC}") = "APPBIBLIOTECA", "APPBIBLIOTECA\APPBIBLIOTECA.csproj", "{1A43110A-7369-4228-8788-A56B4267E66E}"
EndProject
Global
	GlobalSection(SolutionConfigurationPlatforms) = preSolution
		Debug|Any CPU = Debug|Any CPU
		Release|Any CPU = Release|Any CPU
	EndGlobalSection
	GlobalSection(ProjectConfigurationPlatforms) = postSolution
		{D2005F57-B325-4EC7-8127-A51C9DBB840F}.Debug|Any CPU.ActiveCfg = Debug|Any CPU
		{D2005F57-B325-4EC7-8127-A51C9DBB840F}.Debug|Any CPU.Build.0 = Debug|Any CPU
		{D2005F57-B325-4EC7-8127-A51C9DBB840F}.Release|Any CPU.ActiveCfg = Release|Any CPU
		{D2005F57-B325-4EC7-8127-A51C9DBB840F}.Release|Any CPU.Build.0 = Release|Any CPU
		{1A43110A-7369-4228-8788-A56B4267E66E}.Debug|Any CPU.ActiveCfg = Debug|Any CPU
		{1A43110A-7369-4228-8788-A56B4267E66E}.Debug|Any CPU.Build.0 = Debug|Any CPU
		{1A43110A-7369-4228-8788-A56B4267E66E}.Release|Any CPU.ActiveCfg = Release|Any CPU
		{1A43110A-7369-4228-8788-A56B4267E66E}.Release|Any CPU.Build.0 = Release|Any CPU
	EndGlobalSection
	GlobalSection(SolutionProperties) = preSolution
		HideSolutionNode = FALSE
	EndGlobalSection
EndGlobal
